Microsoft Visual Studio Solution File, Format Version 12.00
# Visual Studio Version 17
VisualStudioVersion = 17.5.2.0
MinimumVisualStudioVersion = 10.0.40219.1
Project("{FAE04EC0-301F-11D3-BF4B-00C04F79EFBC}") = "ExercicioVeiculo", "ExercicioVeiculo.csproj", "{EC7852D6-EBDF-04A5-BFD6-9D1B551C7C62}"
EndProject
Global
	GlobalSection(SolutionConfigurationPlatforms) = preSolution
		Debug|Any CPU = Debug|Any CPU
		Release|Any CPU = Release|Any CPU
	EndGlobalSection
	GlobalSection(ProjectConfigurationPlatforms) = postSolution
		{EC7852D6-EBDF-04A5-BFD6-9D1B551C7C62}.Debug|Any CPU.ActiveCfg = Debug|Any CPU
		{EC7852D6-EBDF-04A5-BFD6-9D1B551C7C62}.Debug|Any CPU.Build.0 = Debug|Any CPU
		{EC7852D6-EBDF-04A5-BFD6-9D1B551C7C62}.Release|Any CPU.ActiveCfg = Release|Any CPU
		{EC7852D6-EBDF-04A5-BFD6-9D1B551C7C62}.Release|Any CPU.Build.0 = Release|Any CPU
	EndGlobalSection
	GlobalSection(SolutionProperties) = preSolution
		HideSolutionNode = FALSE
	EndGlobalSection
	GlobalSection(ExtensibilityGlobals) = postSolution
		SolutionGuid = {054B96A1-4F22-446C-9402-C1B2E16E47AC}
	EndGlobalSection
EndGlobal
